
Microsoft Visual Studio Solution File, Format Version 12.00
# Visual Studio Version 17
VisualStudioVersion = 17.14.37516.0 d17.14
MinimumVisualStudioVersion = 10.0.40219.1
Project("{FAE04EC0-301F-11D3-BF4B-00C04F79EFBC}") = "StudentAPI", "StudentAPI\StudentAPI.csproj", "{94150773-C3F3-4B62-9FC2-0D800B4E5594}"
EndProject
Global
	GlobalSection(SolutionConfigurationPlatforms) = preSolution
		Debug|Any CPU = Debug|Any CPU
		Release|Any CPU = Release|Any CPU
	EndGlobalSection
	GlobalSection(ProjectConfigurationPlatforms) = postSolution
		{94150773-C3F3-4B62-9FC2-0D800B4E5594}.Debug|Any CPU.ActiveCfg = Debug|Any CPU
		{94150773-C3F3-4B62-9FC2-0D800B4E5594}.Debug|Any CPU.Build.0 = Debug|Any CPU
		{94150773-C3F3-4B62-9FC2-0D800B4E5594}.Release|Any CPU.ActiveCfg = Release|Any CPU
		{94150773-C3F3-4B62-9FC2-0D800B4E5594}.Release|Any CPU.Build.0 = Release|Any CPU
	EndGlobalSection
	GlobalSection(SolutionProperties) = preSolution
		HideSolutionNode = FALSE
	EndGlobalSection
	GlobalSection(ExtensibilityGlobals) = postSolution
		SolutionGuid = {DBAEC512-32E7-40B6-8564-C34E70CA19B8}
	EndGlobalSection
EndGlobal
